
Microsoft Visual Studio Solution File, Format Version 12.00
# Visual Studio Version 16
VisualStudioVersion = 16.0.31129.286
MinimumVisualStudioVersion = 10.0.40219.1
Project("{FAE04EC0-301F-11D3-BF4B-00C04F79EFBC}") = "Practical 2", "Practical 2\Practical 2.csproj", "{35953B65-4865-4FF3-AD5A-D1427D80854C}"
EndProject
Global
	GlobalSection(SolutionConfigurationPlatforms) = preSolution
		Debug|Any CPU = Debug|Any CPU
		Release|Any CPU = Release|Any CPU
	EndGlobalSection
	GlobalSection(ProjectConfigurationPlatforms) = postSolution
		{35953B65-4865-4FF3-AD5A-D1427D80854C}.Debug|Any CPU.ActiveCfg = Debug|Any CPU
		{35953B65-4865-4FF3-AD5A-D1427D80854C}.Debug|Any CPU.Build.0 = Debug|Any CPU
		{35953B65-4865-4FF3-AD5A-D1427D80854C}.Release|Any CPU.ActiveCfg = Release|Any CPU
		{35953B65-4865-4FF3-AD5A-D1427D80854C}.Release|Any CPU.Build.0 = Release|Any CPU
	EndGlobalSection
	GlobalSection(SolutionProperties) = preSolution
		HideSolutionNode = FALSE
	EndGlobalSection
	GlobalSection(ExtensibilityGlobals) = postSolution
		SolutionGuid = {0B3B97F3-D293-459C-9B61-F4C42C6CC98E}
	EndGlobalSection
EndGlobal
