
Microsoft Visual Studio Solution File, Format Version 12.00
# Visual Studio Version 16
VisualStudioVersion = 16.0.31129.286
MinimumVisualStudioVersion = 10.0.40219.1
Project("{FAE04EC0-301F-11D3-BF4B-00C04F79EFBC}") = "Численные методы 5", "Численные методы 5\Численные методы 5.csproj", "{7A2D2A8B-6A89-4ACC-9698-09F85FC2F260}"
EndProject
Global
	GlobalSection(SolutionConfigurationPlatforms) = preSolution
		Debug|Any CPU = Debug|Any CPU
		Release|Any CPU = Release|Any CPU
	EndGlobalSection
	GlobalSection(ProjectConfigurationPlatforms) = postSolution
		{7A2D2A8B-6A89-4ACC-9698-09F85FC2F260}.Debug|Any CPU.ActiveCfg = Debug|Any CPU
		{7A2D2A8B-6A89-4ACC-9698-09F85FC2F260}.Debug|Any CPU.Build.0 = Debug|Any CPU
		{7A2D2A8B-6A89-4ACC-9698-09F85FC2F260}.Release|Any CPU.ActiveCfg = Release|Any CPU
		{7A2D2A8B-6A89-4ACC-9698-09F85FC2F260}.Release|Any CPU.Build.0 = Release|Any CPU
	EndGlobalSection
	GlobalSection(SolutionProperties) = preSolution
		HideSolutionNode = FALSE
	EndGlobalSection
	GlobalSection(ExtensibilityGlobals) = postSolution
		SolutionGuid = {C1104426-3FA4-48A3-AEAD-C9D3E571FA9C}
	EndGlobalSection
EndGlobal
