
Microsoft Visual Studio Solution File, Format Version 12.00
# Visual Studio Version 16
VisualStudioVersion = 16.0.31129.286
MinimumVisualStudioVersion = 10.0.40219.1
Project("{FAE04EC0-301F-11D3-BF4B-00C04F79EFBC}") = "practical 1.1", "practical 1.1\practical 1.1.csproj", "{17F2F26B-6146-4C90-A1B7-88754ADBD7DD}"
EndProject
Global
	GlobalSection(SolutionConfigurationPlatforms) = preSolution
		Debug|Any CPU = Debug|Any CPU
		Release|Any CPU = Release|Any CPU
	EndGlobalSection
	GlobalSection(ProjectConfigurationPlatforms) = postSolution
		{17F2F26B-6146-4C90-A1B7-88754ADBD7DD}.Debug|Any CPU.ActiveCfg = Debug|Any CPU
		{17F2F26B-6146-4C90-A1B7-88754ADBD7DD}.Debug|Any CPU.Build.0 = Debug|Any CPU
		{17F2F26B-6146-4C90-A1B7-88754ADBD7DD}.Release|Any CPU.ActiveCfg = Release|Any CPU
		{17F2F26B-6146-4C90-A1B7-88754ADBD7DD}.Release|Any CPU.Build.0 = Release|Any CPU
	EndGlobalSection
	GlobalSection(SolutionProperties) = preSolution
		HideSolutionNode = FALSE
	EndGlobalSection
	GlobalSection(ExtensibilityGlobals) = postSolution
		SolutionGuid = {A062CC9F-FA99-4E81-8618-D6F6D91133C5}
	EndGlobalSection
EndGlobal
